
Microsoft Visual Studio Solution File, Format Version 12.00
# Visual Studio 2013
VisualStudioVersion = 12.0
MinimumVisualStudioVersion = 12.0
Project("{2150E333-8FDC-42A3-9474-1A3956D46DE8}") = "Vmulti-Package", "Vmulti-Package", "{CC320C31-77E5-4D0B-91AA-C97638C24C4B}"
EndProject
Project("{8BC9CEB8-8B4A-11D0-8D11-00A0C91BC942}") = "vmulti-Package", "vmulti-Package\vmulti-Package.vcxproj", "{11537A1F-D9B9-4765-B130-1C587C5D607D}"
EndProject
Project("{8BC9CEB8-8B4A-11D0-8D11-00A0C91BC942}") = "vmulti", "vmulti.vcxproj", "{A6BC64E9-C628-4655-9077-A766EDE1DDB7}"
EndProject
Global
	GlobalSection(SolutionConfigurationPlatforms) = preSolution
		Win8.1 Debug|Win32 = Win8.1 Debug|Win32
		Win8.1 Debug|x64 = Win8.1 Debug|x64
		Win8.1 Release|Win32 = Win8.1 Release|Win32
		Win8.1 Release|x64 = Win8.1 Release|x64
		Win8 Debug|Win32 = Win8 Debug|Win32
		Win8 Debug|x64 = Win8 Debug|x64
		Win8 Release|Win32 = Win8 Release|Win32
		Win8 Release|x64 = Win8 Release|x64
		Win7 Debug|Win32 = Win7 Debug|Win32
		Win7 Debug|x64 = Win7 Debug|x64
		Win7 Release|Win32 = Win7 Release|Win32
		Win7 Release|x64 = Win7 Release|x64
	EndGlobalSection
	GlobalSection(ProjectConfigurationPlatforms) = postSolution
		{11537A1F-D9B9-4765-B130-1C587C5D607D}.Win8.1 Debug|Win32.ActiveCfg = Win8.1 Debug|Win32
		{11537A1F-D9B9-4765-B130-1C587C5D607D}.Win8.1 Debug|Win32.Build.0 = Win8.1 Debug|Win32
		{11537A1F-D9B9-4765-B130-1C587C5D607D}.Win8.1 Debug|x64.ActiveCfg = Win8.1 Debug|x64
		{11537A1F-D9B9-4765-B130-1C587C5D607D}.Win8.1 Debug|x64.Build.0 = Win8.1 Debug|x64
		{11537A1F-D9B9-4765-B130-1C587C5D607D}.Win8.1 Release|Win32.ActiveCfg = Win8.1 Release|Win32
		{11537A1F-D9B9-4765-B130-1C587C5D607D}.Win8.1 Release|Win32.Build.0 = Win8.1 Release|Win32
		{11537A1F-D9B9-4765-B130-1C587C5D607D}.Win8.1 Release|x64.ActiveCfg = Win8.1 Release|x64
		{11537A1F-D9B9-4765-B130-1C587C5D607D}.Win8.1 Release|x64.Build.0 = Win8.1 Release|x64
		{11537A1F-D9B9-4765-B130-1C587C5D607D}.Win8 Debug|Win32.ActiveCfg = Win8 Debug|Win32
		{11537A1F-D9B9-4765-B130-1C587C5D607D}.Win8 Debug|Win32.Build.0 = Win8 Debug|Win32
		{11537A1F-D9B9-4765-B130-1C587C5D607D}.Win8 Debug|x64.ActiveCfg = Win8 Debug|x64
		{11537A1F-D9B9-4765-B130-1C587C5D607D}.Win8 Debug|x64.Build.0 = Win8 Debug|x64
		{11537A1F-D9B9-4765-B130-1C587C5D607D}.Win8 Release|Win32.ActiveCfg = Win8 Release|Win32
		{11537A1F-D9B9-4765-B130-1C587C5D607D}.Win8 Release|Win32.Build.0 = Win8 Release|Win32
		{11537A1F-D9B9-4765-B130-1C587C5D607D}.Win8 Release|x64.ActiveCfg = Win8 Release|x64
		{11537A1F-D9B9-4765-B130-1C587C5D607D}.Win8 Release|x64.Build.0 = Win8 Release|x64
		{11537A1F-D9B9-4765-B130-1C587C5D607D}.Win7 Debug|Win32.ActiveCfg = Win7 Debug|Win32
		{11537A1F-D9B9-4765-B130-1C587C5D607D}.Win7 Debug|Win32.Build.0 = Win7 Debug|Win32
		{11537A1F-D9B9-4765-B130-1C587C5D607D}.Win7 Debug|x64.ActiveCfg = Win7 Debug|x64
		{11537A1F-D9B9-4765-B130-1C587C5D607D}.Win7 Debug|x64.Build.0 = Win7 Debug|x64
		{11537A1F-D9B9-4765-B130-1C587C5D607D}.Win7 Release|Win32.ActiveCfg = Win7 Release|Win32
		{11537A1F-D9B9-4765-B130-1C587C5D607D}.Win7 Release|Win32.Build.0 = Win7 Release|Win32
		{11537A1F-D9B9-4765-B130-1C587C5D607D}.Win7 Release|x64.ActiveCfg = Win7 Release|x64
		{11537A1F-D9B9-4765-B130-1C587C5D607D}.Win7 Release|x64.Build.0 = Win7 Release|x64
		{A6BC64E9-C628-4655-9077-A766EDE1DDB7}.Win8.1 Debug|Win32.ActiveCfg = Win8.1 Debug|Win32
		{A6BC64E9-C628-4655-9077-A766EDE1DDB7}.Win8.1 Debug|Win32.Build.0 = Win8.1 Debug|Win32
		{A6BC64E9-C628-4655-9077-A766EDE1DDB7}.Win8.1 Debug|x64.ActiveCfg = Win8.1 Debug|x64
		{A6BC64E9-C628-4655-9077-A766EDE1DDB7}.Win8.1 Debug|x64.Build.0 = Win8.1 Debug|x64
		{A6BC64E9-C628-4655-9077-A766EDE1DDB7}.Win8.1 Release|Win32.ActiveCfg = Win8.1 Release|Win32
		{A6BC64E9-C628-4655-9077-A766EDE1DDB7}.Win8.1 Release|Win32.Build.0 = Win8.1 Release|Win32
		{A6BC64E9-C628-4655-9077-A766EDE1DDB7}.Win8.1 Release|x64.ActiveCfg = Win8.1 Release|x64
		{A6BC64E9-C628-4655-9077-A766EDE1DDB7}.Win8.1 Release|x64.Build.0 = Win8.1 Release|x64
		{A6BC64E9-C628-4655-9077-A766EDE1DDB7}.Win8 Debug|Win32.ActiveCfg = Win8 Debug|Win32
		{A6BC64E9-C628-4655-9077-A766EDE1DDB7}.Win8 Debug|Win32.Build.0 = Win8 Debug|Win32
		{A6BC64E9-C628-4655-9077-A766EDE1DDB7}.Win8 Debug|x64.ActiveCfg = Win8 Debug|x64
		{A6BC64E9-C628-4655-9077-A766EDE1DDB7}.Win8 Debug|x64.Build.0 = Win8 Debug|x64
		{A6BC64E9-C628-4655-9077-A766EDE1DDB7}.Win8 Release|Win32.ActiveCfg = Win8 Release|Win32
		{A6BC64E9-C628-4655-9077-A766EDE1DDB7}.Win8 Release|Win32.Build.0 = Win8 Release|Win32
		{A6BC64E9-C628-4655-9077-A766EDE1DDB7}.Win8 Release|x64.ActiveCfg = Win8 Release|x64
		{A6BC64E9-C628-4655-9077-A766EDE1DDB7}.Win8 Release|x64.Build.0 = Win8 Release|x64
		{A6BC64E9-C628-4655-9077-A766EDE1DDB7}.Win7 Debug|Win32.ActiveCfg = Win7 Debug|Win32
		{A6BC64E9-C628-4655-9077-A766EDE1DDB7}.Win7 Debug|Win32.Build.0 = Win7 Debug|Win32
		{A6BC64E9-C628-4655-9077-A766EDE1DDB7}.Win7 Debug|x64.ActiveCfg = Win7 Debug|x64
		{A6BC64E9-C628-4655-9077-A766EDE1DDB7}.Win7 Debug|x64.Build.0 = Win7 Debug|x64
		{A6BC64E9-C628-4655-9077-A766EDE1DDB7}.Win7 Release|Win32.ActiveCfg = Win7 Release|Win32
		{A6BC64E9-C628-4655-9077-A766EDE1DDB7}.Win7 Release|Win32.Build.0 = Win7 Release|Win32
		{A6BC64E9-C628-4655-9077-A766EDE1DDB7}.Win7 Release|x64.ActiveCfg = Win7 Release|x64
		{A6BC64E9-C628-4655-9077-A766EDE1DDB7}.Win7 Release|x64.Build.0 = Win7 Release|x64
	EndGlobalSection
	GlobalSection(SolutionProperties) = preSolution
		HideSolutionNode = FALSE
	EndGlobalSection
	GlobalSection(NestedProjects) = preSolution
		{11537A1F-D9B9-4765-B130-1C587C5D607D} = {CC320C31-77E5-4D0B-91AA-C97638C24C4B}
	EndGlobalSection
EndGlobal
